
Microsoft Visual Studio Solution File, Format Version 12.00
# Visual Studio Version 16
VisualStudioVersion = 16.0.31410.357
MinimumVisualStudioVersion = 10.0.40219.1
Project("{FAE04EC0-301F-11D3-BF4B-00C04F79EFBC}") = "RateSimulator", "RateSimulator\RateSimulator.csproj", "{1648E310-D5FC-4F86-8A15-41FD94F3D96B}"
EndProject
Global
	GlobalSection(SolutionConfigurationPlatforms) = preSolution
		Debug|Any CPU = Debug|Any CPU
		Release|Any CPU = Release|Any CPU
	EndGlobalSection
	GlobalSection(ProjectConfigurationPlatforms) = postSolution
		{1648E310-D5FC-4F86-8A15-41FD94F3D96B}.Debug|Any CPU.ActiveCfg = Debug|Any CPU
		{1648E310-D5FC-4F86-8A15-41FD94F3D96B}.Debug|Any CPU.Build.0 = Debug|Any CPU
		{1648E310-D5FC-4F86-8A15-41FD94F3D96B}.Release|Any CPU.ActiveCfg = Release|Any CPU
		{1648E310-D5FC-4F86-8A15-41FD94F3D96B}.Release|Any CPU.Build.0 = Release|Any CPU
	EndGlobalSection
	GlobalSection(SolutionProperties) = preSolution
		HideSolutionNode = FALSE
	EndGlobalSection
	GlobalSection(ExtensibilityGlobals) = postSolution
		SolutionGuid = {97DA34A9-EF07-4CA3-A6A3-3FF199AC4ED7}
	EndGlobalSection
EndGlobal
